// !$*UTF8*$!
{
	archiveVersion = 1;
	classes = {
	};
	objectVersion = 55;
	objects = {

/* Begin PBXBuildFile section */
		0520E80E28D4B87D0020A82A /* AppDelegate.swift in Sources */ = {isa = PBXBuildFile; fileRef = 0520E80D28D4B87D0020A82A /* AppDelegate.swift */; };
		0520E81028D4B87D0020A82A /* SceneDelegate.swift in Sources */ = {isa = PBXBuildFile; fileRef = 0520E80F28D4B87D0020A82A /* SceneDelegate.swift */; };
		0520E81228D4B87D0020A82A /* ViewController.swift in Sources */ = {isa = PBXBuildFile; fileRef = 0520E81128D4B87D0020A82A /* ViewController.swift */; };
		0520E81528D4B87D0020A82A /* Main.storyboard in Resources */ = {isa = PBXBuildFile; fileRef = 0520E81328D4B87D0020A82A /* Main.storyboard */; };
		0520E81728D4B87F0020A82A /* Assets.xcassets in Resources */ = {isa = PBXBuildFile; fileRef = 0520E81628D4B87F0020A82A /* Assets.xcassets */; };
		0520E81A28D4B87F0020A82A /* LaunchScreen.storyboard in Resources */ = {isa = PBXBuildFile; fileRef = 0520E81828D4B87F0020A82A /* LaunchScreen.storyboard */; };
		0520E82528D4B87F0020A82A /* DIsplayingProjectTests.swift in Sources */ = {isa = PBXBuildFile; fileRef = 0520E82428D4B87F0020A82A /* DIsplayingProjectTests.swift */; };
		0520E82F28D4B87F0020A82A /* DIsplayingProjectUITests.swift in Sources */ = {isa = PBXBuildFile; fileRef = 0520E82E28D4B87F0020A82A /* DIsplayingProjectUITests.swift */; };
		0520E83128D4B87F0020A82A /* DIsplayingProjectUITestsLaunchTests.swift in Sources */ = {isa = PBXBuildFile; fileRef = 0520E83028D4B87F0020A82A /* DIsplayingProjectUITestsLaunchTests.swift */; };
/* End PBXBuildFile section */

/* Begin PBXContainerItemProxy section */
		0520E82128D4B87F0020A82A /* PBXContainerItemProxy */ = {
			isa = PBXContainerItemProxy;
			containerPortal = 0520E80228D4B87D0020A82A /* Project object */;
			proxyType = 1;
			remoteGlobalIDString = 0520E80928D4B87D0020A82A;
			remoteInfo = DIsplayingProject;
		};
		0520E82B28D4B87F0020A82A /* PBXContainerItemProxy */ = {
			isa = PBXContainerItemProxy;
			containerPortal = 0520E80228D4B87D0020A82A /* Project object */;
			proxyType = 1;
			remoteGlobalIDString = 0520E80928D4B87D0020A82A;
			remoteInfo = DIsplayingProject;
		};
/* End PBXContainerItemProxy section */

/* Begin PBXFileReference section */
		0520E80A28D4B87D0020A82A /* DIsplayingProject.app */ = {isa = PBXFileReference; explicitFileType = wrapper.application; includeInIndex = 0; path = DIsplayingProject.app; sourceTree = BUILT_PRODUCTS_DIR; };
		0520E80D28D4B87D0020A82A /* AppDelegate.swift */ = {isa = PBXFileReference; lastKnownFileType = sourcecode.swift; path = AppDelegate.swift; sourceTree = "<group>"; };
		0520E80F28D4B87D0020A82A /* SceneDelegate.swift */ = {isa = PBXFileReference; lastKnownFileType = sourcecode.swift; path = SceneDelegate.swift; sourceTree = "<group>"; };
		0520E81128D4B87D0020A82A /* ViewController.swift */ = {isa = PBXFileReference; lastKnownFileType = sourcecode.swift; path = ViewController.swift; sourceTree = "<group>"; };
		0520E81428D4B87D0020A82A /* Base */ = {isa = PBXFileReference; lastKnownFileType = file.storyboard; name = Base; path = Base.lproj/Main.storyboard; sourceTree = "<group>"; };
		0520E81628D4B87F0020A82A /* Assets.xcassets */ = {isa = PBXFileReference; lastKnownFileType = folder.assetcatalog; path = Assets.xcassets; sourceTree = "<group>"; };
		0520E81928D4B87F0020A82A /* Base */ = {isa = PBXFileReference; lastKnownFileType = file.storyboard; name = Base; path = Base.lproj/LaunchScreen.storyboard; sourceTree = "<group>"; };
		0520E81B28D4B87F0020A82A /* Info.plist */ = {isa = PBXFileReference; lastKnownFileType = text.plist.xml; path = Info.plist; sourceTree = "<group>"; };
		0520E82028D4B87F0020A82A /* DIsplayingProjectTests.xctest */ = {isa = PBXFileReference; explicitFileType = wrapper.cfbundle; includeInIndex = 0; path = DIsplayingProjectTests.xctest; sourceTree = BUILT_PRODUCTS_DIR; };
		0520E82428D4B87F0020A82A /* DIsplayingProjectTests.swift */ = {isa = PBXFileReference; lastKnownFileType = sourcecode.swift; path = DIsplayingProjectTests.swift; sourceTree = "<group>"; };
		0520E82A28D4B87F0020A82A /* DIsplayingProjectUITests.xctest */ = {isa = PBXFileReference; explicitFileType = wrapper.cfbundle; includeInIndex = 0; path = DIsplayingProjectUITests.xctest; sourceTree = BUILT_PRODUCTS_DIR; };
		0520E82E28D4B87F0020A82A /* DIsplayingProjectUITests.swift */ = {isa = PBXFileReference; lastKnownFileType = sourcecode.swift; path = DIsplayingProjectUITests.swift; sourceTree = "<group>"; };
		0520E83028D4B87F0020A82A /* DIsplayingProjectUITestsLaunchTests.swift */ = {isa = PBXFileReference; lastKnownFileType = sourcecode.swift; path = DIsplayingProjectUITestsLaunchTests.swift; sourceTree = "<group>"; };
/* End PBXFileReference section */

/* Begin PBXFrameworksBuildPhase section */
		0520E80728D4B87D0020A82A /* Frameworks */ = {
			isa = PBXFrameworksBuildPhase;
			buildActionMask = 2147483647;
			files = (
			);
			runOnlyForDeploymentPostprocessing = 0;
		};
		0520E81D28D4B87F0020A82A /* Frameworks */ = {
			isa = PBXFrameworksBuildPhase;
			buildActionMask = 2147483647;
			files = (
			);
			runOnlyForDeploymentPostprocessing = 0;
		};
		0520E82728D4B87F0020A82A /* Frameworks */ = {
			isa = PBXFrameworksBuildPhase;
			buildActionMask = 2147483647;
			files = (
			);
			runOnlyForDeploymentPostprocessing = 0;
		};
/* End PBXFrameworksBuildPhase section */

/* Begin PBXGroup section */
		0520E80128D4B87D0020A82A = {
			isa = PBXGroup;
			children = (
				0520E80C28D4B87D0020A82A /* DIsplayingProject */,
				0520E82328D4B87F0020A82A /* DIsplayingProjectTests */,
				0520E82D28D4B87F0020A82A /* DIsplayingProjectUITests */,
				0520E80B28D4B87D0020A82A /* Products */,
			);
			sourceTree = "<group>";
		};
		0520E80B28D4B87D0020A82A /* Products */ = {
			isa = PBXGroup;
			children = (
				0520E80A28D4B87D0020A82A /* DIsplayingProject.app */,
				0520E82028D4B87F0020A82A /* DIsplayingProjectTests.xctest */,
				0520E82A28D4B87F0020A82A /* DIsplayingProjectUITests.xctest */,
			);
			name = Products;
			sourceTree = "<group>";
		};
		0520E80C28D4B87D0020A82A /* DIsplayingProject */ = {
			isa = PBXGroup;
			children = (
				0520E80D28D4B87D0020A82A /* AppDelegate.swift */,
				0520E80F28D4B87D0020A82A /* SceneDelegate.swift */,
				0520E81128D4B87D0020A82A /* ViewController.swift */,
				0520E81328D4B87D0020A82A /* Main.storyboard */,
				0520E81628D4B87F0020A82A /* Assets.xcassets */,
				0520E81828D4B87F0020A82A /* LaunchScreen.storyboard */,
				0520E81B28D4B87F0020A82A /* Info.plist */,
			);
			path = DIsplayingProject;
			sourceTree = "<group>";
		};
		0520E82328D4B87F0020A82A /* DIsplayingProjectTests */ = {
			isa = PBXGroup;
			children = (
				0520E82428D4B87F0020A82A /* DIsplayingProjectTests.swift */,
			);
			path = DIsplayingProjectTests;
			sourceTree = "<group>";
		};
		0520E82D28D4B87F0020A82A /* DIsplayingProjectUITests */ = {
			isa = PBXGroup;
			children = (
				0520E82E28D4B87F0020A82A /* DIsplayingProjectUITests.swift */,
				0520E83028D4B87F0020A82A /* DIsplayingProjectUITestsLaunchTests.swift */,
			);
			path = DIsplayingProjectUITests;
			sourceTree = "<group>";
		};
/* End PBXGroup section */

/* Begin PBXNativeTarget section */
		0520E80928D4B87D0020A82A /* DIsplayingProject */ = {
			isa = PBXNativeTarget;
			buildConfigurationList = 0520E83428D4B87F0020A82A /* Build configuration list for PBXNativeTarget "DIsplayingProject" */;
			buildPhases = (
				0520E80628D4B87D0020A82A /* Sources */,
				0520E80728D4B87D0020A82A /* Frameworks */,
				0520E80828D4B87D0020A82A /* Resources */,
			);
			buildRules = (
			);
			dependencies = (
			);
			name = DIsplayingProject;
			productName = DIsplayingProject;
			productReference = 0520E80A28D4B87D0020A82A /* DIsplayingProject.app */;
			productType = "com.apple.product-type.application";
		};
		0520E81F28D4B87F0020A82A /* DIsplayingProjectTests */ = {
			isa = PBXNativeTarget;
			buildConfigurationList = 0520E83728D4B87F0020A82A /* Build configuration list for PBXNativeTarget "DIsplayingProjectTests" */;
			buildPhases = (
				0520E81C28D4B87F0020A82A /* Sources */,
				0520E81D28D4B87F0020A82A /* Frameworks */,
				0520E81E28D4B87F0020A82A /* Resources */,
			);
			buildRules = (
			);
			dependencies = (
				0520E82228D4B87F0020A82A /* PBXTargetDependency */,
			);
			name = DIsplayingProjectTests;
			productName = DIsplayingProjectTests;
			productReference = 0520E82028D4B87F0020A82A /* DIsplayingProjectTests.xctest */;
			productType = "com.apple.product-type.bundle.unit-test";
		};
		0520E82928D4B87F0020A82A /* DIsplayingProjectUITests */ = {
			isa = PBXNativeTarget;
			buildConfigurationList = 0520E83A28D4B87F0020A82A /* Build configuration list for PBXNativeTarget "DIsplayingProjectUITests" */;
			buildPhases = (
				0520E82628D4B87F0020A82A /* Sources */,
				0520E82728D4B87F0020A82A /* Frameworks */,
				0520E82828D4B87F0020A82A /* Resources */,
			);
			buildRules = (
			);
			dependencies = (
				0520E82C28D4B87F0020A82A /* PBXTargetDependency */,
			);
			name = DIsplayingProjectUITests;
			productName = DIsplayingProjectUITests;
			productReference = 0520E82A28D4B87F0020A82A /* DIsplayingProjectUITests.xctest */;
			productType = "com.apple.product-type.bundle.ui-testing";
		};
/* End PBXNativeTarget section */

/* Begin PBXProject section */
		0520E80228D4B87D0020A82A /* Project object */ = {
			isa = PBXProject;
			attributes = {
				BuildIndependentTargetsInParallel = 1;
				LastSwiftUpdateCheck = 1330;
				LastUpgradeCheck = 1330;
				TargetAttributes = {
					0520E80928D4B87D0020A82A = {
						CreatedOnToolsVersion = 13.3.1;
					};
					0520E81F28D4B87F0020A82A = {
						CreatedOnToolsVersion = 13.3.1;
						TestTargetID = 0520E80928D4B87D0020A82A;
					};
					0520E82928D4B87F0020A82A = {
						CreatedOnToolsVersion = 13.3.1;
						TestTargetID = 0520E80928D4B87D0020A82A;
					};
				};
			};
			buildConfigurationList = 0520E80528D4B87D0020A82A /* Build configuration list for PBXProject "DIsplayingProject" */;
			compatibilityVersion = "Xcode 13.0";
			developmentRegion = en;
			hasScannedForEncodings = 0;
			knownRegions = (
				en,
				Base,
			);
			mainGroup = 0520E80128D4B87D0020A82A;
			productRefGroup = 0520E80B28D4B87D0020A82A /* Products */;
			projectDirPath = "";
			projectRoot = "";
			targets = (
				0520E80928D4B87D0020A82A /* DIsplayingProject */,
				0520E81F28D4B87F0020A82A /* DIsplayingProjectTests */,
				0520E82928D4B87F0020A82A /* DIsplayingProjectUITests */,
			);
		};
/* End PBXProject section */

/* Begin PBXResourcesBuildPhase section */
		0520E80828D4B87D0020A82A /* Resources */ = {
			isa = PBXResourcesBuildPhase;
			buildActionMask = 2147483647;
			files = (
				0520E81A28D4B87F0020A82A /* LaunchScreen.storyboard in Resources */,
				0520E81728D4B87F0020A82A /* Assets.xcassets in Resources */,
				0520E81528D4B87D0020A82A /* Main.storyboard in Resources */,
			);
			runOnlyForDeploymentPostprocessing = 0;
		};
		0520E81E28D4B87F0020A82A /* Resources */ = {
			isa = PBXResourcesBuildPhase;
			buildActionMask = 2147483647;
			files = (
			);
			runOnlyForDeploymentPostprocessing = 0;
		};
		0520E82828D4B87F0020A82A /* Resources */ = {
			isa = PBXResourcesBuildPhase;
			buildActionMask = 2147483647;
			files = (
			);
			runOnlyForDeploymentPostprocessing = 0;
		};
/* End PBXResourcesBuildPhase section */

/* Begin PBXSourcesBuildPhase section */
		0520E80628D4B87D0020A82A /* Sources */ = {
			isa = PBXSourcesBuildPhase;
			buildActionMask = 2147483647;
			files = (
				0520E81228D4B87D0020A82A /* ViewController.swift in Sources */,
				0520E80E28D4B87D0020A82A /* AppDelegate.swift in Sources */,
				0520E81028D4B87D0020A82A /* SceneDelegate.swift in Sources */,
			);
			runOnlyForDeploymentPostprocessing = 0;
		};
		0520E81C28D4B87F0020A82A /* Sources */ = {
			isa = PBXSourcesBuildPhase;
			buildActionMask = 2147483647;
			files = (
				0520E82528D4B87F0020A82A /* DIsplayingProjectTests.swift in Sources */,
			);
			runOnlyForDeploymentPostprocessing = 0;
		};
		0520E82628D4B87F0020A82A /* Sources */ = {
			isa = PBXSourcesBuildPhase;
			buildActionMask = 2147483647;
			files = (
				0520E83128D4B87F0020A82A /* DIsplayingProjectUITestsLaunchTests.swift in Sources */,
				0520E82F28D4B87F0020A82A /* DIsplayingProjectUITests.swift in Sources */,
			);
			runOnlyForDeploymentPostprocessing = 0;
		};
/* End PBXSourcesBuildPhase section */

/* Begin PBXTargetDependency section */
		0520E82228D4B87F0020A82A /* PBXTargetDependency */ = {
			isa = PBXTargetDependency;
			target = 0520E80928D4B87D0020A82A /* DIsplayingProject */;
			targetProxy = 0520E82128D4B87F0020A82A /* PBXContainerItemProxy */;
		};
		0520E82C28D4B87F0020A82A /* PBXTargetDependency */ = {
			isa = PBXTargetDependency;
			target = 0520E80928D4B87D0020A82A /* DIsplayingProject */;
			targetProxy = 0520E82B28D4B87F0020A82A /* PBXContainerItemProxy */;
		};
/* End PBXTargetDependency section */

/* Begin PBXVariantGroup section */
		0520E81328D4B87D0020A82A /* Main.storyboard */ = {
			isa = PBXVariantGroup;
			children = (
				0520E81428D4B87D0020A82A /* Base */,
			);
			name = Main.storyboard;
			sourceTree = "<group>";
		};
		0520E81828D4B87F0020A82A /* LaunchScreen.storyboard */ = {
			isa = PBXVariantGroup;
			children = (
				0520E81928D4B87F0020A82A /* Base */,
			);
			name = LaunchScreen.storyboard;
			sourceTree = "<group>";
		};
/* End PBXVariantGroup section */

/* Begin XCBuildConfiguration section */
		0520E83228D4B87F0020A82A /* Debug */ = {
			isa = XCBuildConfiguration;
			buildSettings = {
				ALWAYS_SEARCH_USER_PATHS = NO;
				CLANG_ANALYZER_NONNULL = YES;
				CLANG_ANALYZER_NUMBER_OBJECT_CONVERSION = YES_AGGRESSIVE;
				CLANG_CXX_LANGUAGE_STANDARD = "gnu++17";
				CLANG_ENABLE_MODULES = YES;
				CLANG_ENABLE_OBJC_ARC = YES;
				CLANG_ENABLE_OBJC_WEAK = YES;
				CLANG_WARN_BLOCK_CAPTURE_AUTORELEASING = YES;
				CLANG_WARN_BOOL_CONVERSION = YES;
				CLANG_WARN_COMMA = YES;
				CLANG_WARN_CONSTANT_CONVERSION = YES;
				CLANG_WARN_DEPRECATED_OBJC_IMPLEMENTATIONS = YES;
				CLANG_WARN_DIRECT_OBJC_ISA_USAGE = YES_ERROR;
				CLANG_WARN_DOCUMENTATION_COMMENTS = YES;
				CLANG_WARN_EMPTY_BODY = YES;
				CLANG_WARN_ENUM_CONVERSION = YES;
				CLANG_WARN_INFINITE_RECURSION = YES;
				CLANG_WARN_INT_CONVERSION = YES;
				CLANG_WARN_NON_LITERAL_NULL_CONVERSION = YES;
				CLANG_WARN_OBJC_IMPLICIT_RETAIN_SELF = YES;
				CLANG_WARN_OBJC_LITERAL_CONVERSION = YES;
				CLANG_WARN_OBJC_ROOT_CLASS = YES_ERROR;
				CLANG_WARN_QUOTED_INCLUDE_IN_FRAMEWORK_HEADER = YES;
				CLANG_WARN_RANGE_LOOP_ANALYSIS = YES;
				CLANG_WARN_STRICT_PROTOTYPES = YES;
				CLANG_WARN_SUSPICIOUS_MOVE = YES;
				CLANG_WARN_UNGUARDED_AVAILABILITY = YES_AGGRESSIVE;
				CLANG_WARN_UNREACHABLE_CODE = YES;
				CLANG_WARN__DUPLICATE_METHOD_MATCH = YES;
				COPY_PHASE_STRIP = NO;
				DEBUG_INFORMATION_FORMAT = dwarf;
				ENABLE_STRICT_OBJC_MSGSEND = YES;
				ENABLE_TESTABILITY = YES;
				GCC_C_LANGUAGE_STANDARD = gnu11;
				GCC_DYNAMIC_NO_PIC = NO;
				GCC_NO_COMMON_BLOCKS = YES;
				GCC_OPTIMIZATION_LEVEL = 0;
				GCC_PREPROCESSOR_DEFINITIONS = (
					"DEBUG=1",
					"$(inherited)",
				);
				GCC_WARN_64_TO_32_BIT_CONVERSION = YES;
				GCC_WARN_ABOUT_RETURN_TYPE = YES_ERROR;
				GCC_WARN_UNDECLARED_SELECTOR = YES;
				GCC_WARN_UNINITIALIZED_AUTOS = YES_AGGRESSIVE;
				GCC_WARN_UNUSED_FUNCTION = YES;
				GCC_WARN_UNUSED_VARIABLE = YES;
				IPHONEOS_DEPLOYMENT_TARGET = 15.4;
				MTL_ENABLE_DEBUG_INFO = INCLUDE_SOURCE;
				MTL_FAST_MATH = YES;
				ONLY_ACTIVE_ARCH = YES;
				SDKROOT = iphoneos;
				SWIFT_ACTIVE_COMPILATION_CONDITIONS = DEBUG;
				SWIFT_OPTIMIZATION_LEVEL = "-Onone";
			};
			name = Debug;
		};
		0520E83328D4B87F0020A82A /* Release */ = {
			isa = XCBuildConfiguration;
			buildSettings = {
				ALWAYS_SEARCH_USER_PATHS = NO;
				CLANG_ANALYZER_NONNULL = YES;
				CLANG_ANALYZER_NUMBER_OBJECT_CONVERSION = YES_AGGRESSIVE;
				CLANG_CXX_LANGUAGE_STANDARD = "gnu++17";
				CLANG_ENABLE_MODULES = YES;
				CLANG_ENABLE_OBJC_ARC = YES;
				CLANG_ENABLE_OBJC_WEAK = YES;
				CLANG_WARN_BLOCK_CAPTURE_AUTORELEASING = YES;
				CLANG_WARN_BOOL_CONVERSION = YES;
				CLANG_WARN_COMMA = YES;
				CLANG_WARN_CONSTANT_CONVERSION = YES;
				CLANG_WARN_DEPRECATED_OBJC_IMPLEMENTATIONS = YES;
				CLANG_WARN_DIRECT_OBJC_ISA_USAGE = YES_ERROR;
				CLANG_WARN_DOCUMENTATION_COMMENTS = YES;
				CLANG_WARN_EMPTY_BODY = YES;
				CLANG_WARN_ENUM_CONVERSION = YES;
				CLANG_WARN_INFINITE_RECURSION = YES;
				CLANG_WARN_INT_CONVERSION = YES;
				CLANG_WARN_NON_LITERAL_NULL_CONVERSION = YES;
				CLANG_WARN_OBJC_IMPLICIT_RETAIN_SELF = YES;
				CLANG_WARN_OBJC_LITERAL_CONVERSION = YES;
				CLANG_WARN_OBJC_ROOT_CLASS = YES_ERROR;
				CLANG_WARN_QUOTED_INCLUDE_IN_FRAMEWORK_HEADER = YES;
				CLANG_WARN_RANGE_LOOP_ANALYSIS = YES;
				CLANG_WARN_STRICT_PROTOTYPES = YES;
				CLANG_WARN_SUSPICIOUS_MOVE = YES;
				CLANG_WARN_UNGUARDED_AVAILABILITY = YES_AGGRESSIVE;
				CLANG_WARN_UNREACHABLE_CODE = YES;
				CLANG_WARN__DUPLICATE_METHOD_MATCH = YES;
				COPY_PHASE_STRIP = NO;
				DEBUG_INFORMATION_FORMAT = "dwarf-with-dsym";
				ENABLE_NS_ASSERTIONS = NO;
				ENABLE_STRICT_OBJC_MSGSEND = YES;
				GCC_C_LANGUAGE_STANDARD = gnu11;
				GCC_NO_COMMON_BLOCKS = YES;
				GCC_WARN_64_TO_32_BIT_CONVERSION = YES;
				GCC_WARN_ABOUT_RETURN_TYPE = YES_ERROR;
				GCC_WARN_UNDECLARED_SELECTOR = YES;
				GCC_WARN_UNINITIALIZED_AUTOS = YES_AGGRESSIVE;
				GCC_WARN_UNUSED_FUNCTION = YES;
				GCC_WARN_UNUSED_VARIABLE = YES;
				IPHONEOS_DEPLOYMENT_TARGET = 15.4;
				MTL_ENABLE_DEBUG_INFO = NO;
				MTL_FAST_MATH = YES;
				SDKROOT = iphoneos;
				SWIFT_COMPILATION_MODE = wholemodule;
				SWIFT_OPTIMIZATION_LEVEL = "-O";
				VALIDATE_PRODUCT = YES;
			};
			name = Release;
		};
		0520E83528D4B87F0020A82A /* Debug */ = {
			isa = XCBuildConfiguration;
			buildSettings = {
				ASSETCATALOG_COMPILER_APPICON_NAME = AppIcon;
				ASSETCATALOG_COMPILER_GLOBAL_ACCENT_COLOR_NAME = AccentColor;
				CODE_SIGN_STYLE = Automatic;
				CURRENT_PROJECT_VERSION = 1;
				GENERATE_INFOPLIST_FILE = YES;
				INFOPLIST_FILE = DIsplayingProject/Info.plist;
				INFOPLIST_KEY_UIApplicationSupportsIndirectInputEvents = YES;
				INFOPLIST_KEY_UILaunchStoryboardName = LaunchScreen;
				INFOPLIST_KEY_UIMainStoryboardFile = Main;
				INFOPLIST_KEY_UISupportedInterfaceOrientations_iPad = "UIInterfaceOrientationPortrait UIInterfaceOrientationPortraitUpsideDown UIInterfaceOrientationLandscapeLeft UIInterfaceOrientationLandscapeRight";
				INFOPLIST_KEY_UISupportedInterfaceOrientations_iPhone = "UIInterfaceOrientationPortrait UIInterfaceOrientationLandscapeLeft UIInterfaceOrientationLandscapeRight";
				LD_RUNPATH_SEARCH_PATHS = (
					"$(inherited)",
					"@executable_path/Frameworks",
				);
				MARKETING_VERSION = 1.0;
				PRODUCT_BUNDLE_IDENTIFIER = adns.DIsplayingProject;
				PRODUCT_NAME = "$(TARGET_NAME)";
				SWIFT_EMIT_LOC_STRINGS = YES;
				SWIFT_VERSION = 5.0;
				TARGETED_DEVICE_FAMILY = "1,2";
			};
			name = Debug;
		};
		0520E83628D4B87F0020A82A /* Release */ = {
			isa = XCBuildConfiguration;
			buildSettings = {
				ASSETCATALOG_COMPILER_APPICON_NAME = AppIcon;
				ASSETCATALOG_COMPILER_GLOBAL_ACCENT_COLOR_NAME = AccentColor;
				CODE_SIGN_STYLE = Automatic;
				CURRENT_PROJECT_VERSION = 1;
				GENERATE_INFOPLIST_FILE = YES;
				INFOPLIST_FILE = DIsplayingProject/Info.plist;
				INFOPLIST_KEY_UIApplicationSupportsIndirectInputEvents = YES;
				INFOPLIST_KEY_UILaunchStoryboardName = LaunchScreen;
				INFOPLIST_KEY_UIMainStoryboardFile = Main;
				INFOPLIST_KEY_UISupportedInterfaceOrientations_iPad = "UIInterfaceOrientationPortrait UIInterfaceOrientationPortraitUpsideDown UIInterfaceOrientationLandscapeLeft UIInterfaceOrientationLandscapeRight";
				INFOPLIST_KEY_UISupportedInterfaceOrientations_iPhone = "UIInterfaceOrientationPortrait UIInterfaceOrientationLandscapeLeft UIInterfaceOrientationLandscapeRight";
				LD_RUNPATH_SEARCH_PATHS = (
					"$(inherited)",
					"@executable_path/Frameworks",
				);
				MARKETING_VERSION = 1.0;
				PRODUCT_BUNDLE_IDENTIFIER = adns.DIsplayingProject;
				PRODUCT_NAME = "$(TARGET_NAME)";
				SWIFT_EMIT_LOC_STRINGS = YES;
				SWIFT_VERSION = 5.0;
				TARGETED_DEVICE_FAMILY = "1,2";
			};
			name = Release;
		};
		0520E83828D4B87F0020A82A /* Debug */ = {
			isa = XCBuildConfiguration;
			buildSettings = {
				ALWAYS_EMBED_SWIFT_STANDARD_LIBRARIES = YES;
				BUNDLE_LOADER = "$(TEST_HOST)";
				CODE_SIGN_STYLE = Automatic;
				CURRENT_PROJECT_VERSION = 1;
				GENERATE_INFOPLIST_FILE = YES;
				IPHONEOS_DEPLOYMENT_TARGET = 15.4;
				MARKETING_VERSION = 1.0;
				PRODUCT_BUNDLE_IDENTIFIER = adns.DIsplayingProjectTests;
				PRODUCT_NAME = "$(TARGET_NAME)";
				SWIFT_EMIT_LOC_STRINGS = NO;
				SWIFT_VERSION = 5.0;
				TARGETED_DEVICE_FAMILY = "1,2";
				TEST_HOST = "$(BUILT_PRODUCTS_DIR)/DIsplayingProject.app/DIsplayingProject";
			};
			name = Debug;
		};
		0520E83928D4B87F0020A82A /* Release */ = {
			isa = XCBuildConfiguration;
			buildSettings = {
				ALWAYS_EMBED_SWIFT_STANDARD_LIBRARIES = YES;
				BUNDLE_LOADER = "$(TEST_HOST)";
				CODE_SIGN_STYLE = Automatic;
				CURRENT_PROJECT_VERSION = 1;
				GENERATE_INFOPLIST_FILE = YES;
				IPHONEOS_DEPLOYMENT_TARGET = 15.4;
				MARKETING_VERSION = 1.0;
				PRODUCT_BUNDLE_IDENTIFIER = adns.DIsplayingProjectTests;
				PRODUCT_NAME = "$(TARGET_NAME)";
				SWIFT_EMIT_LOC_STRINGS = NO;
				SWIFT_VERSION = 5.0;
				TARGETED_DEVICE_FAMILY = "1,2";
				TEST_HOST = "$(BUILT_PRODUCTS_DIR)/DIsplayingProject.app/DIsplayingProject";
			};
			name = Release;
		};
		0520E83B28D4B87F0020A82A /* Debug */ = {
			isa = XCBuildConfiguration;
			buildSettings = {
				ALWAYS_EMBED_SWIFT_STANDARD_LIBRARIES = YES;
				CODE_SIGN_STYLE = Automatic;
				CURRENT_PROJECT_VERSION = 1;
				GENERATE_INFOPLIST_FILE = YES;
				MARKETING_VERSION = 1.0;
				PRODUCT_BUNDLE_IDENTIFIER = adns.DIsplayingProjectUITests;
				PRODUCT_NAME = "$(TARGET_NAME)";
				SWIFT_EMIT_LOC_STRINGS = NO;
				SWIFT_VERSION = 5.0;
				TARGETED_DEVICE_FAMILY = "1,2";
				TEST_TARGET_NAME = DIsplayingProject;
			};
			name = Debug;
		};
		0520E83C28D4B87F0020A82A /* Release */ = {
			isa = XCBuildConfiguration;
			buildSettings = {
				ALWAYS_EMBED_SWIFT_STANDARD_LIBRARIES = YES;
				CODE_SIGN_STYLE = Automatic;
				CURRENT_PROJECT_VERSION = 1;
				GENERATE_INFOPLIST_FILE = YES;
				MARKETING_VERSION = 1.0;
				PRODUCT_BUNDLE_IDENTIFIER = adns.DIsplayingProjectUITests;
				PRODUCT_NAME = "$(TARGET_NAME)";
				SWIFT_EMIT_LOC_STRINGS = NO;
				SWIFT_VERSION = 5.0;
				TARGETED_DEVICE_FAMILY = "1,2";
				TEST_TARGET_NAME = DIsplayingProject;
			};
			name = Release;
		};
/* End XCBuildConfiguration section */

/* Begin XCConfigurationList section */
		0520E80528D4B87D0020A82A /* Build configuration list for PBXProject "DIsplayingProject" */ = {
			isa = XCConfigurationList;
			buildConfigurations = (
				0520E83228D4B87F0020A82A /* Debug */,
				0520E83328D4B87F0020A82A /* Release */,
			);
			defaultConfigurationIsVisible = 0;
			defaultConfigurationName = Release;
		};
		0520E83428D4B87F0020A82A /* Build configuration list for PBXNativeTarget "DIsplayingProject" */ = {
			isa = XCConfigurationList;
			buildConfigurations = (
				0520E83528D4B87F0020A82A /* Debug */,
				0520E83628D4B87F0020A82A /* Release */,
			);
			defaultConfigurationIsVisible = 0;
			defaultConfigurationName = Release;
		};
		0520E83728D4B87F0020A82A /* Build configuration list for PBXNativeTarget "DIsplayingProjectTests" */ = {
			isa = XCConfigurationList;
			buildConfigurations = (
				0520E83828D4B87F0020A82A /* Debug */,
				0520E83928D4B87F0020A82A /* Release */,
			);
			defaultConfigurationIsVisible = 0;
			defaultConfigurationName = Release;
		};
		0520E83A28D4B87F0020A82A /* Build configuration list for PBXNativeTarget "DIsplayingProjectUITests" */ = {
			isa = XCConfigurationList;
			buildConfigurations = (
				0520E83B28D4B87F0020A82A /* Debug */,
				0520E83C28D4B87F0020A82A /* Release */,
			);
			defaultConfigurationIsVisible = 0;
			defaultConfigurationName = Release;
		};
/* End XCConfigurationList section */
	};
	rootObject = 0520E80228D4B87D0020A82A /* Project object */;
}
