// !$*UTF8*$!
{
	archiveVersion = 1;
	classes = {
	};
	objectVersion = 55;
	objects = {

/* Begin PBXBuildFile section */
		050EECF828DC23DF00A7CB59 /* TabBarViewController.swift in Sources */ = {isa = PBXBuildFile; fileRef = 050EECF728DC23DF00A7CB59 /* TabBarViewController.swift */; };
		050EECFB28DC24BE00A7CB59 /* SecondViewController.swift in Sources */ = {isa = PBXBuildFile; fileRef = 050EECFA28DC24BE00A7CB59 /* SecondViewController.swift */; };
		050EECFD28DC24DC00A7CB59 /* ThirdViewController.swift in Sources */ = {isa = PBXBuildFile; fileRef = 050EECFC28DC24DC00A7CB59 /* ThirdViewController.swift */; };
		050EECFF28DC291C00A7CB59 /* UIColor+CustomColors.swift in Sources */ = {isa = PBXBuildFile; fileRef = 050EECFE28DC291C00A7CB59 /* UIColor+CustomColors.swift */; };
		050EED0328DC3BE000A7CB59 /* SettingTableViewCell.swift in Sources */ = {isa = PBXBuildFile; fileRef = 050EED0228DC3BE000A7CB59 /* SettingTableViewCell.swift */; };
		0520E80E28D4B87D0020A82A /* AppDelegate.swift in Sources */ = {isa = PBXBuildFile; fileRef = 0520E80D28D4B87D0020A82A /* AppDelegate.swift */; };
		0520E81028D4B87D0020A82A /* SceneDelegate.swift in Sources */ = {isa = PBXBuildFile; fileRef = 0520E80F28D4B87D0020A82A /* SceneDelegate.swift */; };
		0520E81228D4B87D0020A82A /* FirstViewController.swift in Sources */ = {isa = PBXBuildFile; fileRef = 0520E81128D4B87D0020A82A /* FirstViewController.swift */; };
		0520E81728D4B87F0020A82A /* Assets.xcassets in Resources */ = {isa = PBXBuildFile; fileRef = 0520E81628D4B87F0020A82A /* Assets.xcassets */; };
		0520E81A28D4B87F0020A82A /* LaunchScreen.storyboard in Resources */ = {isa = PBXBuildFile; fileRef = 0520E81828D4B87F0020A82A /* LaunchScreen.storyboard */; };
		0520E82528D4B87F0020A82A /* DIsplayingProjectTests.swift in Sources */ = {isa = PBXBuildFile; fileRef = 0520E82428D4B87F0020A82A /* DIsplayingProjectTests.swift */; };
		0520E82F28D4B87F0020A82A /* DIsplayingProjectUITests.swift in Sources */ = {isa = PBXBuildFile; fileRef = 0520E82E28D4B87F0020A82A /* DIsplayingProjectUITests.swift */; };
		0520E83128D4B87F0020A82A /* DIsplayingProjectUITestsLaunchTests.swift in Sources */ = {isa = PBXBuildFile; fileRef = 0520E83028D4B87F0020A82A /* DIsplayingProjectUITestsLaunchTests.swift */; };
		0520E83E28D4BA4C0020A82A /* Models.swift in Sources */ = {isa = PBXBuildFile; fileRef = 0520E83D28D4BA4C0020A82A /* Models.swift */; };
		0520E84028D4BBA20020A82A /* CustomTableViewCell.swift in Sources */ = {isa = PBXBuildFile; fileRef = 0520E83F28D4BBA20020A82A /* CustomTableViewCell.swift */; };
		0520E84228D4BD920020A82A /* CustomCollectionViewCell.swift in Sources */ = {isa = PBXBuildFile; fileRef = 0520E84128D4BD920020A82A /* CustomCollectionViewCell.swift */; };
		055BC09628DCA32000FAC751 /* MainRouter.swift in Sources */ = {isa = PBXBuildFile; fileRef = 055BC09528DCA32000FAC751 /* MainRouter.swift */; };
		0577834A28DD8D55008941DD /* SegmentedProgressBar.swift in Sources */ = {isa = PBXBuildFile; fileRef = 0577834928DD8D55008941DD /* SegmentedProgressBar.swift */; };
		05ACB5D028DC6CFF0056DD08 /* ThirdVCViewModel.swift in Sources */ = {isa = PBXBuildFile; fileRef = 05ACB5CF28DC6CFF0056DD08 /* ThirdVCViewModel.swift */; };
		05ACB5D228DC6DF80056DD08 /* TableViewModels.swift in Sources */ = {isa = PBXBuildFile; fileRef = 05ACB5D128DC6DF80056DD08 /* TableViewModels.swift */; };
/* End PBXBuildFile section */

/* Begin PBXContainerItemProxy section */
		0520E82128D4B87F0020A82A /* PBXContainerItemProxy */ = {
			isa = PBXContainerItemProxy;
			containerPortal = 0520E80228D4B87D0020A82A /* Project object */;
			proxyType = 1;
			remoteGlobalIDString = 0520E80928D4B87D0020A82A;
			remoteInfo = DIsplayingProject;
		};
		0520E82B28D4B87F0020A82A /* PBXContainerItemProxy */ = {
			isa = PBXContainerItemProxy;
			containerPortal = 0520E80228D4B87D0020A82A /* Project object */;
			proxyType = 1;
			remoteGlobalIDString = 0520E80928D4B87D0020A82A;
			remoteInfo = DIsplayingProject;
		};
/* End PBXContainerItemProxy section */

/* Begin PBXFileReference section */
		050EECF728DC23DF00A7CB59 /* TabBarViewController.swift */ = {isa = PBXFileReference; lastKnownFileType = sourcecode.swift; path = TabBarViewController.swift; sourceTree = "<group>"; };
		050EECFA28DC24BE00A7CB59 /* SecondViewController.swift */ = {isa = PBXFileReference; lastKnownFileType = sourcecode.swift; path = SecondViewController.swift; sourceTree = "<group>"; };
		050EECFC28DC24DC00A7CB59 /* ThirdViewController.swift */ = {isa = PBXFileReference; lastKnownFileType = sourcecode.swift; path = ThirdViewController.swift; sourceTree = "<group>"; };
		050EECFE28DC291C00A7CB59 /* UIColor+CustomColors.swift */ = {isa = PBXFileReference; lastKnownFileType = sourcecode.swift; path = "UIColor+CustomColors.swift"; sourceTree = "<group>"; };
		050EED0228DC3BE000A7CB59 /* SettingTableViewCell.swift */ = {isa = PBXFileReference; lastKnownFileType = sourcecode.swift; path = SettingTableViewCell.swift; sourceTree = "<group>"; };
		0520E80A28D4B87D0020A82A /* DIsplayingProject.app */ = {isa = PBXFileReference; explicitFileType = wrapper.application; includeInIndex = 0; path = DIsplayingProject.app; sourceTree = BUILT_PRODUCTS_DIR; };
		0520E80D28D4B87D0020A82A /* AppDelegate.swift */ = {isa = PBXFileReference; lastKnownFileType = sourcecode.swift; path = AppDelegate.swift; sourceTree = "<group>"; };
		0520E80F28D4B87D0020A82A /* SceneDelegate.swift */ = {isa = PBXFileReference; lastKnownFileType = sourcecode.swift; path = SceneDelegate.swift; sourceTree = "<group>"; };
		0520E81128D4B87D0020A82A /* FirstViewController.swift */ = {isa = PBXFileReference; lastKnownFileType = sourcecode.swift; path = FirstViewController.swift; sourceTree = "<group>"; };
		0520E81628D4B87F0020A82A /* Assets.xcassets */ = {isa = PBXFileReference; lastKnownFileType = folder.assetcatalog; path = Assets.xcassets; sourceTree = "<group>"; };
		0520E81928D4B87F0020A82A /* Base */ = {isa = PBXFileReference; lastKnownFileType = file.storyboard; name = Base; path = Base.lproj/LaunchScreen.storyboard; sourceTree = "<group>"; };
		0520E81B28D4B87F0020A82A /* Info.plist */ = {isa = PBXFileReference; lastKnownFileType = text.plist.xml; path = Info.plist; sourceTree = "<group>"; };
		0520E82028D4B87F0020A82A /* DIsplayingProjectTests.xctest */ = {isa = PBXFileReference; explicitFileType = wrapper.cfbundle; includeInIndex = 0; path = DIsplayingProjectTests.xctest; sourceTree = BUILT_PRODUCTS_DIR; };
		0520E82428D4B87F0020A82A /* DIsplayingProjectTests.swift */ = {isa = PBXFileReference; lastKnownFileType = sourcecode.swift; path = DIsplayingProjectTests.swift; sourceTree = "<group>"; };
		0520E82A28D4B87F0020A82A /* DIsplayingProjectUITests.xctest */ = {isa = PBXFileReference; explicitFileType = wrapper.cfbundle; includeInIndex = 0; path = DIsplayingProjectUITests.xctest; sourceTree = BUILT_PRODUCTS_DIR; };
		0520E82E28D4B87F0020A82A /* DIsplayingProjectUITests.swift */ = {isa = PBXFileReference; lastKnownFileType = sourcecode.swift; path = DIsplayingProjectUITests.swift; sourceTree = "<group>"; };
		0520E83028D4B87F0020A82A /* DIsplayingProjectUITestsLaunchTests.swift */ = {isa = PBXFileReference; lastKnownFileType = sourcecode.swift; path = DIsplayingProjectUITestsLaunchTests.swift; sourceTree = "<group>"; };
		0520E83D28D4BA4C0020A82A /* Models.swift */ = {isa = PBXFileReference; lastKnownFileType = sourcecode.swift; path = Models.swift; sourceTree = "<group>"; };
		0520E83F28D4BBA20020A82A /* CustomTableViewCell.swift */ = {isa = PBXFileReference; lastKnownFileType = sourcecode.swift; path = CustomTableViewCell.swift; sourceTree = "<group>"; };
		0520E84128D4BD920020A82A /* CustomCollectionViewCell.swift */ = {isa = PBXFileReference; lastKnownFileType = sourcecode.swift; path = CustomCollectionViewCell.swift; sourceTree = "<group>"; };
		055BC09528DCA32000FAC751 /* MainRouter.swift */ = {isa = PBXFileReference; lastKnownFileType = sourcecode.swift; path = MainRouter.swift; sourceTree = "<group>"; };
		0577834928DD8D55008941DD /* SegmentedProgressBar.swift */ = {isa = PBXFileReference; lastKnownFileType = sourcecode.swift; path = SegmentedProgressBar.swift; sourceTree = "<group>"; };
		05ACB5CF28DC6CFF0056DD08 /* ThirdVCViewModel.swift */ = {isa = PBXFileReference; lastKnownFileType = sourcecode.swift; path = ThirdVCViewModel.swift; sourceTree = "<group>"; };
		05ACB5D128DC6DF80056DD08 /* TableViewModels.swift */ = {isa = PBXFileReference; lastKnownFileType = sourcecode.swift; path = TableViewModels.swift; sourceTree = "<group>"; };
/* End PBXFileReference section */

/* Begin PBXFrameworksBuildPhase section */
		0520E80728D4B87D0020A82A /* Frameworks */ = {
			isa = PBXFrameworksBuildPhase;
			buildActionMask = 2147483647;
			files = (
			);
			runOnlyForDeploymentPostprocessing = 0;
		};
		0520E81D28D4B87F0020A82A /* Frameworks */ = {
			isa = PBXFrameworksBuildPhase;
			buildActionMask = 2147483647;
			files = (
			);
			runOnlyForDeploymentPostprocessing = 0;
		};
		0520E82728D4B87F0020A82A /* Frameworks */ = {
			isa = PBXFrameworksBuildPhase;
			buildActionMask = 2147483647;
			files = (
			);
			runOnlyForDeploymentPostprocessing = 0;
		};
/* End PBXFrameworksBuildPhase section */

/* Begin PBXGroup section */
		050EECF928DC24A400A7CB59 /* ViewControllers */ = {
			isa = PBXGroup;
			children = (
				050EECF728DC23DF00A7CB59 /* TabBarViewController.swift */,
				05ACB5CE28DC6AC20056DD08 /* ThirdVC */,
				05ACB5CD28DC6ABD0056DD08 /* SecondVC */,
				05ACB5CC28DC6AB30056DD08 /* FIrstVC */,
			);
			path = ViewControllers;
			sourceTree = "<group>";
		};
		0520E80128D4B87D0020A82A = {
			isa = PBXGroup;
			children = (
				0520E80C28D4B87D0020A82A /* DIsplayingProject */,
				0520E82328D4B87F0020A82A /* DIsplayingProjectTests */,
				0520E82D28D4B87F0020A82A /* DIsplayingProjectUITests */,
				0520E80B28D4B87D0020A82A /* Products */,
			);
			sourceTree = "<group>";
		};
		0520E80B28D4B87D0020A82A /* Products */ = {
			isa = PBXGroup;
			children = (
				0520E80A28D4B87D0020A82A /* DIsplayingProject.app */,
				0520E82028D4B87F0020A82A /* DIsplayingProjectTests.xctest */,
				0520E82A28D4B87F0020A82A /* DIsplayingProjectUITests.xctest */,
			);
			name = Products;
			sourceTree = "<group>";
		};
		0520E80C28D4B87D0020A82A /* DIsplayingProject */ = {
			isa = PBXGroup;
			children = (
				055BC09428DCA30E00FAC751 /* Router */,
				050EECF928DC24A400A7CB59 /* ViewControllers */,
				0520E80D28D4B87D0020A82A /* AppDelegate.swift */,
				0520E80F28D4B87D0020A82A /* SceneDelegate.swift */,
				0520E81628D4B87F0020A82A /* Assets.xcassets */,
				0520E81828D4B87F0020A82A /* LaunchScreen.storyboard */,
				0520E81B28D4B87F0020A82A /* Info.plist */,
				0520E83D28D4BA4C0020A82A /* Models.swift */,
				050EECFE28DC291C00A7CB59 /* UIColor+CustomColors.swift */,
				0577834928DD8D55008941DD /* SegmentedProgressBar.swift */,
			);
			path = DIsplayingProject;
			sourceTree = "<group>";
		};
		0520E82328D4B87F0020A82A /* DIsplayingProjectTests */ = {
			isa = PBXGroup;
			children = (
				0520E82428D4B87F0020A82A /* DIsplayingProjectTests.swift */,
			);
			path = DIsplayingProjectTests;
			sourceTree = "<group>";
		};
		0520E82D28D4B87F0020A82A /* DIsplayingProjectUITests */ = {
			isa = PBXGroup;
			children = (
				0520E82E28D4B87F0020A82A /* DIsplayingProjectUITests.swift */,
				0520E83028D4B87F0020A82A /* DIsplayingProjectUITestsLaunchTests.swift */,
			);
			path = DIsplayingProjectUITests;
			sourceTree = "<group>";
		};
		055BC09428DCA30E00FAC751 /* Router */ = {
			isa = PBXGroup;
			children = (
				055BC09528DCA32000FAC751 /* MainRouter.swift */,
			);
			path = Router;
			sourceTree = "<group>";
		};
		05ACB5CB28DC6AA50056DD08 /* Cells */ = {
			isa = PBXGroup;
			children = (
				0520E84128D4BD920020A82A /* CustomCollectionViewCell.swift */,
				0520E83F28D4BBA20020A82A /* CustomTableViewCell.swift */,
			);
			path = Cells;
			sourceTree = "<group>";
		};
		05ACB5CC28DC6AB30056DD08 /* FIrstVC */ = {
			isa = PBXGroup;
			children = (
				0520E81128D4B87D0020A82A /* FirstViewController.swift */,
				05ACB5CB28DC6AA50056DD08 /* Cells */,
			);
			path = FIrstVC;
			sourceTree = "<group>";
		};
		05ACB5CD28DC6ABD0056DD08 /* SecondVC */ = {
			isa = PBXGroup;
			children = (
				050EECFA28DC24BE00A7CB59 /* SecondViewController.swift */,
			);
			path = SecondVC;
			sourceTree = "<group>";
		};
		05ACB5CE28DC6AC20056DD08 /* ThirdVC */ = {
			isa = PBXGroup;
			children = (
				050EED0228DC3BE000A7CB59 /* SettingTableViewCell.swift */,
				050EECFC28DC24DC00A7CB59 /* ThirdViewController.swift */,
				05ACB5CF28DC6CFF0056DD08 /* ThirdVCViewModel.swift */,
				05ACB5D128DC6DF80056DD08 /* TableViewModels.swift */,
			);
			path = ThirdVC;
			sourceTree = "<group>";
		};
/* End PBXGroup section */

/* Begin PBXNativeTarget section */
		0520E80928D4B87D0020A82A /* DIsplayingProject */ = {
			isa = PBXNativeTarget;
			buildConfigurationList = 0520E83428D4B87F0020A82A /* Build configuration list for PBXNativeTarget "DIsplayingProject" */;
			buildPhases = (
				0520E80628D4B87D0020A82A /* Sources */,
				0520E80728D4B87D0020A82A /* Frameworks */,
				0520E80828D4B87D0020A82A /* Resources */,
			);
			buildRules = (
			);
			dependencies = (
			);
			name = DIsplayingProject;
			productName = DIsplayingProject;
			productReference = 0520E80A28D4B87D0020A82A /* DIsplayingProject.app */;
			productType = "com.apple.product-type.application";
		};
		0520E81F28D4B87F0020A82A /* DIsplayingProjectTests */ = {
			isa = PBXNativeTarget;
			buildConfigurationList = 0520E83728D4B87F0020A82A /* Build configuration list for PBXNativeTarget "DIsplayingProjectTests" */;
			buildPhases = (
				0520E81C28D4B87F0020A82A /* Sources */,
				0520E81D28D4B87F0020A82A /* Frameworks */,
				0520E81E28D4B87F0020A82A /* Resources */,
			);
			buildRules = (
			);
			dependencies = (
				0520E82228D4B87F0020A82A /* PBXTargetDependency */,
			);
			name = DIsplayingProjectTests;
			productName = DIsplayingProjectTests;
			productReference = 0520E82028D4B87F0020A82A /* DIsplayingProjectTests.xctest */;
			productType = "com.apple.product-type.bundle.unit-test";
		};
		0520E82928D4B87F0020A82A /* DIsplayingProjectUITests */ = {
			isa = PBXNativeTarget;
			buildConfigurationList = 0520E83A28D4B87F0020A82A /* Build configuration list for PBXNativeTarget "DIsplayingProjectUITests" */;
			buildPhases = (
				0520E82628D4B87F0020A82A /* Sources */,
				0520E82728D4B87F0020A82A /* Frameworks */,
				0520E82828D4B87F0020A82A /* Resources */,
			);
			buildRules = (
			);
			dependencies = (
				0520E82C28D4B87F0020A82A /* PBXTargetDependency */,
			);
			name = DIsplayingProjectUITests;
			productName = DIsplayingProjectUITests;
			productReference = 0520E82A28D4B87F0020A82A /* DIsplayingProjectUITests.xctest */;
			productType = "com.apple.product-type.bundle.ui-testing";
		};
/* End PBXNativeTarget section */

/* Begin PBXProject section */
		0520E80228D4B87D0020A82A /* Project object */ = {
			isa = PBXProject;
			attributes = {
				BuildIndependentTargetsInParallel = 1;
				LastSwiftUpdateCheck = 1330;
				LastUpgradeCheck = 1330;
				TargetAttributes = {
					0520E80928D4B87D0020A82A = {
						CreatedOnToolsVersion = 13.3.1;
					};
					0520E81F28D4B87F0020A82A = {
						CreatedOnToolsVersion = 13.3.1;
						TestTargetID = 0520E80928D4B87D0020A82A;
					};
					0520E82928D4B87F0020A82A = {
						CreatedOnToolsVersion = 13.3.1;
						TestTargetID = 0520E80928D4B87D0020A82A;
					};
				};
			};
			buildConfigurationList = 0520E80528D4B87D0020A82A /* Build configuration list for PBXProject "DIsplayingProject" */;
			compatibilityVersion = "Xcode 13.0";
			developmentRegion = en;
			hasScannedForEncodings = 0;
			knownRegions = (
				en,
				Base,
			);
			mainGroup = 0520E80128D4B87D0020A82A;
			productRefGroup = 0520E80B28D4B87D0020A82A /* Products */;
			projectDirPath = "";
			projectRoot = "";
			targets = (
				0520E80928D4B87D0020A82A /* DIsplayingProject */,
				0520E81F28D4B87F0020A82A /* DIsplayingProjectTests */,
				0520E82928D4B87F0020A82A /* DIsplayingProjectUITests */,
			);
		};
/* End PBXProject section */

/* Begin PBXResourcesBuildPhase section */
		0520E80828D4B87D0020A82A /* Resources */ = {
			isa = PBXResourcesBuildPhase;
			buildActionMask = 2147483647;
			files = (
				0520E81A28D4B87F0020A82A /* LaunchScreen.storyboard in Resources */,
				0520E81728D4B87F0020A82A /* Assets.xcassets in Resources */,
			);
			runOnlyForDeploymentPostprocessing = 0;
		};
		0520E81E28D4B87F0020A82A /* Resources */ = {
			isa = PBXResourcesBuildPhase;
			buildActionMask = 2147483647;
			files = (
			);
			runOnlyForDeploymentPostprocessing = 0;
		};
		0520E82828D4B87F0020A82A /* Resources */ = {
			isa = PBXResourcesBuildPhase;
			buildActionMask = 2147483647;
			files = (
			);
			runOnlyForDeploymentPostprocessing = 0;
		};
/* End PBXResourcesBuildPhase section */

/* Begin PBXSourcesBuildPhase section */
		0520E80628D4B87D0020A82A /* Sources */ = {
			isa = PBXSourcesBuildPhase;
			buildActionMask = 2147483647;
			files = (
				050EED0328DC3BE000A7CB59 /* SettingTableViewCell.swift in Sources */,
				05ACB5D228DC6DF80056DD08 /* TableViewModels.swift in Sources */,
				050EECFB28DC24BE00A7CB59 /* SecondViewController.swift in Sources */,
				050EECFD28DC24DC00A7CB59 /* ThirdViewController.swift in Sources */,
				0520E81228D4B87D0020A82A /* FirstViewController.swift in Sources */,
				0520E84228D4BD920020A82A /* CustomCollectionViewCell.swift in Sources */,
				05ACB5D028DC6CFF0056DD08 /* ThirdVCViewModel.swift in Sources */,
				055BC09628DCA32000FAC751 /* MainRouter.swift in Sources */,
				0520E84028D4BBA20020A82A /* CustomTableViewCell.swift in Sources */,
				0520E83E28D4BA4C0020A82A /* Models.swift in Sources */,
				050EECFF28DC291C00A7CB59 /* UIColor+CustomColors.swift in Sources */,
				0577834A28DD8D55008941DD /* SegmentedProgressBar.swift in Sources */,
				050EECF828DC23DF00A7CB59 /* TabBarViewController.swift in Sources */,
				0520E80E28D4B87D0020A82A /* AppDelegate.swift in Sources */,
				0520E81028D4B87D0020A82A /* SceneDelegate.swift in Sources */,
			);
			runOnlyForDeploymentPostprocessing = 0;
		};
		0520E81C28D4B87F0020A82A /* Sources */ = {
			isa = PBXSourcesBuildPhase;
			buildActionMask = 2147483647;
			files = (
				0520E82528D4B87F0020A82A /* DIsplayingProjectTests.swift in Sources */,
			);
			runOnlyForDeploymentPostprocessing = 0;
		};
		0520E82628D4B87F0020A82A /* Sources */ = {
			isa = PBXSourcesBuildPhase;
			buildActionMask = 2147483647;
			files = (
				0520E83128D4B87F0020A82A /* DIsplayingProjectUITestsLaunchTests.swift in Sources */,
				0520E82F28D4B87F0020A82A /* DIsplayingProjectUITests.swift in Sources */,
			);
			runOnlyForDeploymentPostprocessing = 0;
		};
/* End PBXSourcesBuildPhase section */

/* Begin PBXTargetDependency section */
		0520E82228D4B87F0020A82A /* PBXTargetDependency */ = {
			isa = PBXTargetDependency;
			target = 0520E80928D4B87D0020A82A /* DIsplayingProject */;
			targetProxy = 0520E82128D4B87F0020A82A /* PBXContainerItemProxy */;
		};
		0520E82C28D4B87F0020A82A /* PBXTargetDependency */ = {
			isa = PBXTargetDependency;
			target = 0520E80928D4B87D0020A82A /* DIsplayingProject */;
			targetProxy = 0520E82B28D4B87F0020A82A /* PBXContainerItemProxy */;
		};
/* End PBXTargetDependency section */

/* Begin PBXVariantGroup section */
		0520E81828D4B87F0020A82A /* LaunchScreen.storyboard */ = {
			isa = PBXVariantGroup;
			children = (
				0520E81928D4B87F0020A82A /* Base */,
			);
			name = LaunchScreen.storyboard;
			sourceTree = "<group>";
		};
/* End PBXVariantGroup section */

/* Begin XCBuildConfiguration section */
		0520E83228D4B87F0020A82A /* Debug */ = {
			isa = XCBuildConfiguration;
			buildSettings = {
				ALWAYS_SEARCH_USER_PATHS = NO;
				CLANG_ANALYZER_NONNULL = YES;
				CLANG_ANALYZER_NUMBER_OBJECT_CONVERSION = YES_AGGRESSIVE;
				CLANG_CXX_LANGUAGE_STANDARD = "gnu++17";
				CLANG_ENABLE_MODULES = YES;
				CLANG_ENABLE_OBJC_ARC = YES;
				CLANG_ENABLE_OBJC_WEAK = YES;
				CLANG_WARN_BLOCK_CAPTURE_AUTORELEASING = YES;
				CLANG_WARN_BOOL_CONVERSION = YES;
				CLANG_WARN_COMMA = YES;
				CLANG_WARN_CONSTANT_CONVERSION = YES;
				CLANG_WARN_DEPRECATED_OBJC_IMPLEMENTATIONS = YES;
				CLANG_WARN_DIRECT_OBJC_ISA_USAGE = YES_ERROR;
				CLANG_WARN_DOCUMENTATION_COMMENTS = YES;
				CLANG_WARN_EMPTY_BODY = YES;
				CLANG_WARN_ENUM_CONVERSION = YES;
				CLANG_WARN_INFINITE_RECURSION = YES;
				CLANG_WARN_INT_CONVERSION = YES;
				CLANG_WARN_NON_LITERAL_NULL_CONVERSION = YES;
				CLANG_WARN_OBJC_IMPLICIT_RETAIN_SELF = YES;
				CLANG_WARN_OBJC_LITERAL_CONVERSION = YES;
				CLANG_WARN_OBJC_ROOT_CLASS = YES_ERROR;
				CLANG_WARN_QUOTED_INCLUDE_IN_FRAMEWORK_HEADER = YES;
				CLANG_WARN_RANGE_LOOP_ANALYSIS = YES;
				CLANG_WARN_STRICT_PROTOTYPES = YES;
				CLANG_WARN_SUSPICIOUS_MOVE = YES;
				CLANG_WARN_UNGUARDED_AVAILABILITY = YES_AGGRESSIVE;
				CLANG_WARN_UNREACHABLE_CODE = YES;
				CLANG_WARN__DUPLICATE_METHOD_MATCH = YES;
				COPY_PHASE_STRIP = NO;
				DEBUG_INFORMATION_FORMAT = dwarf;
				ENABLE_STRICT_OBJC_MSGSEND = YES;
				ENABLE_TESTABILITY = YES;
				GCC_C_LANGUAGE_STANDARD = gnu11;
				GCC_DYNAMIC_NO_PIC = NO;
				GCC_NO_COMMON_BLOCKS = YES;
				GCC_OPTIMIZATION_LEVEL = 0;
				GCC_PREPROCESSOR_DEFINITIONS = (
					"DEBUG=1",
					"$(inherited)",
				);
				GCC_WARN_64_TO_32_BIT_CONVERSION = YES;
				GCC_WARN_ABOUT_RETURN_TYPE = YES_ERROR;
				GCC_WARN_UNDECLARED_SELECTOR = YES;
				GCC_WARN_UNINITIALIZED_AUTOS = YES_AGGRESSIVE;
				GCC_WARN_UNUSED_FUNCTION = YES;
				GCC_WARN_UNUSED_VARIABLE = YES;
				IPHONEOS_DEPLOYMENT_TARGET = 14.0;
				MTL_ENABLE_DEBUG_INFO = INCLUDE_SOURCE;
				MTL_FAST_MATH = YES;
				ONLY_ACTIVE_ARCH = YES;
				SDKROOT = iphoneos;
				SWIFT_ACTIVE_COMPILATION_CONDITIONS = DEBUG;
				SWIFT_OPTIMIZATION_LEVEL = "-Onone";
			};
			name = Debug;
		};
		0520E83328D4B87F0020A82A /* Release */ = {
			isa = XCBuildConfiguration;
			buildSettings = {
				ALWAYS_SEARCH_USER_PATHS = NO;
				CLANG_ANALYZER_NONNULL = YES;
				CLANG_ANALYZER_NUMBER_OBJECT_CONVERSION = YES_AGGRESSIVE;
				CLANG_CXX_LANGUAGE_STANDARD = "gnu++17";
				CLANG_ENABLE_MODULES = YES;
				CLANG_ENABLE_OBJC_ARC = YES;
				CLANG_ENABLE_OBJC_WEAK = YES;
				CLANG_WARN_BLOCK_CAPTURE_AUTORELEASING = YES;
				CLANG_WARN_BOOL_CONVERSION = YES;
				CLANG_WARN_COMMA = YES;
				CLANG_WARN_CONSTANT_CONVERSION = YES;
				CLANG_WARN_DEPRECATED_OBJC_IMPLEMENTATIONS = YES;
				CLANG_WARN_DIRECT_OBJC_ISA_USAGE = YES_ERROR;
				CLANG_WARN_DOCUMENTATION_COMMENTS = YES;
				CLANG_WARN_EMPTY_BODY = YES;
				CLANG_WARN_ENUM_CONVERSION = YES;
				CLANG_WARN_INFINITE_RECURSION = YES;
				CLANG_WARN_INT_CONVERSION = YES;
				CLANG_WARN_NON_LITERAL_NULL_CONVERSION = YES;
				CLANG_WARN_OBJC_IMPLICIT_RETAIN_SELF = YES;
				CLANG_WARN_OBJC_LITERAL_CONVERSION = YES;
				CLANG_WARN_OBJC_ROOT_CLASS = YES_ERROR;
				CLANG_WARN_QUOTED_INCLUDE_IN_FRAMEWORK_HEADER = YES;
				CLANG_WARN_RANGE_LOOP_ANALYSIS = YES;
				CLANG_WARN_STRICT_PROTOTYPES = YES;
				CLANG_WARN_SUSPICIOUS_MOVE = YES;
				CLANG_WARN_UNGUARDED_AVAILABILITY = YES_AGGRESSIVE;
				CLANG_WARN_UNREACHABLE_CODE = YES;
				CLANG_WARN__DUPLICATE_METHOD_MATCH = YES;
				COPY_PHASE_STRIP = NO;
				DEBUG_INFORMATION_FORMAT = "dwarf-with-dsym";
				ENABLE_NS_ASSERTIONS = NO;
				ENABLE_STRICT_OBJC_MSGSEND = YES;
				GCC_C_LANGUAGE_STANDARD = gnu11;
				GCC_NO_COMMON_BLOCKS = YES;
				GCC_WARN_64_TO_32_BIT_CONVERSION = YES;
				GCC_WARN_ABOUT_RETURN_TYPE = YES_ERROR;
				GCC_WARN_UNDECLARED_SELECTOR = YES;
				GCC_WARN_UNINITIALIZED_AUTOS = YES_AGGRESSIVE;
				GCC_WARN_UNUSED_FUNCTION = YES;
				GCC_WARN_UNUSED_VARIABLE = YES;
				IPHONEOS_DEPLOYMENT_TARGET = 14.0;
				MTL_ENABLE_DEBUG_INFO = NO;
				MTL_FAST_MATH = YES;
				SDKROOT = iphoneos;
				SWIFT_COMPILATION_MODE = wholemodule;
				SWIFT_OPTIMIZATION_LEVEL = "-O";
				VALIDATE_PRODUCT = YES;
			};
			name = Release;
		};
		0520E83528D4B87F0020A82A /* Debug */ = {
			isa = XCBuildConfiguration;
			buildSettings = {
				ASSETCATALOG_COMPILER_APPICON_NAME = AppIcon;
				ASSETCATALOG_COMPILER_GLOBAL_ACCENT_COLOR_NAME = AccentColor;
				CODE_SIGN_STYLE = Automatic;
				CURRENT_PROJECT_VERSION = 1;
				GENERATE_INFOPLIST_FILE = YES;
				INFOPLIST_FILE = DIsplayingProject/Info.plist;
				INFOPLIST_KEY_UIApplicationSupportsIndirectInputEvents = YES;
				INFOPLIST_KEY_UILaunchStoryboardName = LaunchScreen;
				INFOPLIST_KEY_UISupportedInterfaceOrientations_iPad = "UIInterfaceOrientationPortrait UIInterfaceOrientationPortraitUpsideDown UIInterfaceOrientationLandscapeLeft UIInterfaceOrientationLandscapeRight";
				INFOPLIST_KEY_UISupportedInterfaceOrientations_iPhone = "UIInterfaceOrientationPortrait UIInterfaceOrientationLandscapeLeft UIInterfaceOrientationLandscapeRight";
				IPHONEOS_DEPLOYMENT_TARGET = 14.0;
				LD_RUNPATH_SEARCH_PATHS = (
					"$(inherited)",
					"@executable_path/Frameworks",
				);
				MARKETING_VERSION = 1.0;
				PRODUCT_BUNDLE_IDENTIFIER = adns.DIsplayingProject;
				PRODUCT_NAME = "$(TARGET_NAME)";
				SWIFT_EMIT_LOC_STRINGS = YES;
				SWIFT_VERSION = 5.0;
				TARGETED_DEVICE_FAMILY = "1,2";
			};
			name = Debug;
		};
		0520E83628D4B87F0020A82A /* Release */ = {
			isa = XCBuildConfiguration;
			buildSettings = {
				ASSETCATALOG_COMPILER_APPICON_NAME = AppIcon;
				ASSETCATALOG_COMPILER_GLOBAL_ACCENT_COLOR_NAME = AccentColor;
				CODE_SIGN_STYLE = Automatic;
				CURRENT_PROJECT_VERSION = 1;
				GENERATE_INFOPLIST_FILE = YES;
				INFOPLIST_FILE = DIsplayingProject/Info.plist;
				INFOPLIST_KEY_UIApplicationSupportsIndirectInputEvents = YES;
				INFOPLIST_KEY_UILaunchStoryboardName = LaunchScreen;
				INFOPLIST_KEY_UISupportedInterfaceOrientations_iPad = "UIInterfaceOrientationPortrait UIInterfaceOrientationPortraitUpsideDown UIInterfaceOrientationLandscapeLeft UIInterfaceOrientationLandscapeRight";
				INFOPLIST_KEY_UISupportedInterfaceOrientations_iPhone = "UIInterfaceOrientationPortrait UIInterfaceOrientationLandscapeLeft UIInterfaceOrientationLandscapeRight";
				IPHONEOS_DEPLOYMENT_TARGET = 14.0;
				LD_RUNPATH_SEARCH_PATHS = (
					"$(inherited)",
					"@executable_path/Frameworks",
				);
				MARKETING_VERSION = 1.0;
				PRODUCT_BUNDLE_IDENTIFIER = adns.DIsplayingProject;
				PRODUCT_NAME = "$(TARGET_NAME)";
				SWIFT_EMIT_LOC_STRINGS = YES;
				SWIFT_VERSION = 5.0;
				TARGETED_DEVICE_FAMILY = "1,2";
			};
			name = Release;
		};
		0520E83828D4B87F0020A82A /* Debug */ = {
			isa = XCBuildConfiguration;
			buildSettings = {
				ALWAYS_EMBED_SWIFT_STANDARD_LIBRARIES = YES;
				BUNDLE_LOADER = "$(TEST_HOST)";
				CODE_SIGN_STYLE = Automatic;
				CURRENT_PROJECT_VERSION = 1;
				GENERATE_INFOPLIST_FILE = YES;
				IPHONEOS_DEPLOYMENT_TARGET = 15.4;
				MARKETING_VERSION = 1.0;
				PRODUCT_BUNDLE_IDENTIFIER = adns.DIsplayingProjectTests;
				PRODUCT_NAME = "$(TARGET_NAME)";
				SWIFT_EMIT_LOC_STRINGS = NO;
				SWIFT_VERSION = 5.0;
				TARGETED_DEVICE_FAMILY = "1,2";
				TEST_HOST = "$(BUILT_PRODUCTS_DIR)/DIsplayingProject.app/DIsplayingProject";
			};
			name = Debug;
		};
		0520E83928D4B87F0020A82A /* Release */ = {
			isa = XCBuildConfiguration;
			buildSettings = {
				ALWAYS_EMBED_SWIFT_STANDARD_LIBRARIES = YES;
				BUNDLE_LOADER = "$(TEST_HOST)";
				CODE_SIGN_STYLE = Automatic;
				CURRENT_PROJECT_VERSION = 1;
				GENERATE_INFOPLIST_FILE = YES;
				IPHONEOS_DEPLOYMENT_TARGET = 15.4;
				MARKETING_VERSION = 1.0;
				PRODUCT_BUNDLE_IDENTIFIER = adns.DIsplayingProjectTests;
				PRODUCT_NAME = "$(TARGET_NAME)";
				SWIFT_EMIT_LOC_STRINGS = NO;
				SWIFT_VERSION = 5.0;
				TARGETED_DEVICE_FAMILY = "1,2";
				TEST_HOST = "$(BUILT_PRODUCTS_DIR)/DIsplayingProject.app/DIsplayingProject";
			};
			name = Release;
		};
		0520E83B28D4B87F0020A82A /* Debug */ = {
			isa = XCBuildConfiguration;
			buildSettings = {
				ALWAYS_EMBED_SWIFT_STANDARD_LIBRARIES = YES;
				CODE_SIGN_STYLE = Automatic;
				CURRENT_PROJECT_VERSION = 1;
				GENERATE_INFOPLIST_FILE = YES;
				MARKETING_VERSION = 1.0;
				PRODUCT_BUNDLE_IDENTIFIER = adns.DIsplayingProjectUITests;
				PRODUCT_NAME = "$(TARGET_NAME)";
				SWIFT_EMIT_LOC_STRINGS = NO;
				SWIFT_VERSION = 5.0;
				TARGETED_DEVICE_FAMILY = "1,2";
				TEST_TARGET_NAME = DIsplayingProject;
			};
			name = Debug;
		};
		0520E83C28D4B87F0020A82A /* Release */ = {
			isa = XCBuildConfiguration;
			buildSettings = {
				ALWAYS_EMBED_SWIFT_STANDARD_LIBRARIES = YES;
				CODE_SIGN_STYLE = Automatic;
				CURRENT_PROJECT_VERSION = 1;
				GENERATE_INFOPLIST_FILE = YES;
				MARKETING_VERSION = 1.0;
				PRODUCT_BUNDLE_IDENTIFIER = adns.DIsplayingProjectUITests;
				PRODUCT_NAME = "$(TARGET_NAME)";
				SWIFT_EMIT_LOC_STRINGS = NO;
				SWIFT_VERSION = 5.0;
				TARGETED_DEVICE_FAMILY = "1,2";
				TEST_TARGET_NAME = DIsplayingProject;
			};
			name = Release;
		};
/* End XCBuildConfiguration section */

/* Begin XCConfigurationList section */
		0520E80528D4B87D0020A82A /* Build configuration list for PBXProject "DIsplayingProject" */ = {
			isa = XCConfigurationList;
			buildConfigurations = (
				0520E83228D4B87F0020A82A /* Debug */,
				0520E83328D4B87F0020A82A /* Release */,
			);
			defaultConfigurationIsVisible = 0;
			defaultConfigurationName = Release;
		};
		0520E83428D4B87F0020A82A /* Build configuration list for PBXNativeTarget "DIsplayingProject" */ = {
			isa = XCConfigurationList;
			buildConfigurations = (
				0520E83528D4B87F0020A82A /* Debug */,
				0520E83628D4B87F0020A82A /* Release */,
			);
			defaultConfigurationIsVisible = 0;
			defaultConfigurationName = Release;
		};
		0520E83728D4B87F0020A82A /* Build configuration list for PBXNativeTarget "DIsplayingProjectTests" */ = {
			isa = XCConfigurationList;
			buildConfigurations = (
				0520E83828D4B87F0020A82A /* Debug */,
				0520E83928D4B87F0020A82A /* Release */,
			);
			defaultConfigurationIsVisible = 0;
			defaultConfigurationName = Release;
		};
		0520E83A28D4B87F0020A82A /* Build configuration list for PBXNativeTarget "DIsplayingProjectUITests" */ = {
			isa = XCConfigurationList;
			buildConfigurations = (
				0520E83B28D4B87F0020A82A /* Debug */,
				0520E83C28D4B87F0020A82A /* Release */,
			);
			defaultConfigurationIsVisible = 0;
			defaultConfigurationName = Release;
		};
/* End XCConfigurationList section */
	};
	rootObject = 0520E80228D4B87D0020A82A /* Project object */;
}
